// !$*UTF8*$!
{
	archiveVersion = 1;
	classes = {
	};
	objectVersion = 50;
	objects = {

/* Begin PBXBuildFile section */
		15A0BFEB2674A11600BF0F41 /* CircleImage.swift in Sources */ = {isa = PBXBuildFile; fileRef = 15A0BFEA2674A11600BF0F41 /* CircleImage.swift */; };
		15A0BFEE2674A2E500BF0F41 /* ResultsMenu.swift in Sources */ = {isa = PBXBuildFile; fileRef = 15A0BFED2674A2E500BF0F41 /* ResultsMenu.swift */; };
		15A0BFFB2674A51E00BF0F41 /* Result.swift in Sources */ = {isa = PBXBuildFile; fileRef = 15A0BFFA2674A51E00BF0F41 /* Result.swift */; };
		15A0BFFE2674A6D500BF0F41 /* PrimaryLabel.swift in Sources */ = {isa = PBXBuildFile; fileRef = 15A0BFFD2674A6D500BF0F41 /* PrimaryLabel.swift */; };
		15A0C0012674A9CB00BF0F41 /* SecondaryLabel.swift in Sources */ = {isa = PBXBuildFile; fileRef = 15A0C0002674A9CB00BF0F41 /* SecondaryLabel.swift */; };
		15A0C0042674AABD00BF0F41 /* PrimaryValue.swift in Sources */ = {isa = PBXBuildFile; fileRef = 15A0C0032674AABD00BF0F41 /* PrimaryValue.swift */; };
		15A0C0072674ABA100BF0F41 /* SecondaryValue.swift in Sources */ = {isa = PBXBuildFile; fileRef = 15A0C0062674ABA100BF0F41 /* SecondaryValue.swift */; };
		15A0C0222675BECE00BF0F41 /* ImagePicker.swift in Sources */ = {isa = PBXBuildFile; fileRef = 15A0C0212675BECE00BF0F41 /* ImagePicker.swift */; };
		15EF8EDD267363160097104D /* Results.swift in Sources */ = {isa = PBXBuildFile; fileRef = 15EF8EDC267363160097104D /* Results.swift */; };
		15EF8EEA2674946D0097104D /* ResultsTryAgainButton.swift in Sources */ = {isa = PBXBuildFile; fileRef = 15EF8EE92674946D0097104D /* ResultsTryAgainButton.swift */; };
		9668000026747ABD0063FCCD /* HomeButton.swift in Sources */ = {isa = PBXBuildFile; fileRef = 9668FFFF26747ABD0063FCCD /* HomeButton.swift */; };
		9668000326748E9A0063FCCD /* RoundingCornersShape.swift in Sources */ = {isa = PBXBuildFile; fileRef = 9668000226748E9A0063FCCD /* RoundingCornersShape.swift */; };
		9668002126749E8C0063FCCD /* OFL.txt in Resources */ = {isa = PBXBuildFile; fileRef = 9668001226749E880063FCCD /* OFL.txt */; };
		9668002226749E8C0063FCCD /* Nunito-ExtraBold.ttf in Resources */ = {isa = PBXBuildFile; fileRef = 9668001326749E880063FCCD /* Nunito-ExtraBold.ttf */; };
		9668002326749E8C0063FCCD /* Nunito-Italic.ttf in Resources */ = {isa = PBXBuildFile; fileRef = 9668001426749E890063FCCD /* Nunito-Italic.ttf */; };
		9668002426749E8C0063FCCD /* Nunito-ExtraLightItalic.ttf in Resources */ = {isa = PBXBuildFile; fileRef = 9668001526749E890063FCCD /* Nunito-ExtraLightItalic.ttf */; };
		9668002526749E8C0063FCCD /* Nunito-LightItalic.ttf in Resources */ = {isa = PBXBuildFile; fileRef = 9668001626749E890063FCCD /* Nunito-LightItalic.ttf */; };
		9668002626749E8C0063FCCD /* Nunito-BlackItalic.ttf in Resources */ = {isa = PBXBuildFile; fileRef = 9668001726749E890063FCCD /* Nunito-BlackItalic.ttf */; };
		9668002726749E8C0063FCCD /* Nunito-Light.ttf in Resources */ = {isa = PBXBuildFile; fileRef = 9668001826749E8A0063FCCD /* Nunito-Light.ttf */; };
		9668002826749E8C0063FCCD /* Nunito-ExtraBoldItalic.ttf in Resources */ = {isa = PBXBuildFile; fileRef = 9668001926749E8A0063FCCD /* Nunito-ExtraBoldItalic.ttf */; };
		9668002926749E8C0063FCCD /* Nunito-Bold.ttf in Resources */ = {isa = PBXBuildFile; fileRef = 9668001A26749E8A0063FCCD /* Nunito-Bold.ttf */; };
		9668002A26749E8C0063FCCD /* Nunito-SemiBoldItalic.ttf in Resources */ = {isa = PBXBuildFile; fileRef = 9668001B26749E8B0063FCCD /* Nunito-SemiBoldItalic.ttf */; };
		9668002B26749E8C0063FCCD /* Nunito-ExtraLight.ttf in Resources */ = {isa = PBXBuildFile; fileRef = 9668001C26749E8B0063FCCD /* Nunito-ExtraLight.ttf */; };
		9668002C26749E8C0063FCCD /* Nunito-Regular.ttf in Resources */ = {isa = PBXBuildFile; fileRef = 9668001D26749E8B0063FCCD /* Nunito-Regular.ttf */; };
		9668002D26749E8C0063FCCD /* Nunito-Black.ttf in Resources */ = {isa = PBXBuildFile; fileRef = 9668001E26749E8B0063FCCD /* Nunito-Black.ttf */; };
		9668002E26749E8C0063FCCD /* Nunito-BoldItalic.ttf in Resources */ = {isa = PBXBuildFile; fileRef = 9668001F26749E8C0063FCCD /* Nunito-BoldItalic.ttf */; };
		9668002F26749E8C0063FCCD /* Nunito-SemiBold.ttf in Resources */ = {isa = PBXBuildFile; fileRef = 9668002026749E8C0063FCCD /* Nunito-SemiBold.ttf */; };
		9668FF92267351360063FCCD /* classifai_frontendApp.swift in Sources */ = {isa = PBXBuildFile; fileRef = 9668FF91267351360063FCCD /* classifai_frontendApp.swift */; };
		9668FF94267351360063FCCD /* ContentView.swift in Sources */ = {isa = PBXBuildFile; fileRef = 9668FF93267351360063FCCD /* ContentView.swift */; };
		9668FF96267351530063FCCD /* Assets.xcassets in Resources */ = {isa = PBXBuildFile; fileRef = 9668FF95267351530063FCCD /* Assets.xcassets */; };
		9668FF99267351530063FCCD /* Preview Assets.xcassets in Resources */ = {isa = PBXBuildFile; fileRef = 9668FF98267351530063FCCD /* Preview Assets.xcassets */; };
		9668FFAA267353CA0063FCCD /* Fonts.swift in Sources */ = {isa = PBXBuildFile; fileRef = 9668FFA9267353CA0063FCCD /* Fonts.swift */; };
		9668FFCF2673542B0063FCCD /* Logo.swift in Sources */ = {isa = PBXBuildFile; fileRef = 9668FFCE2673542A0063FCCD /* Logo.swift */; };
		9668FFFA267479530063FCCD /* Home.swift in Sources */ = {isa = PBXBuildFile; fileRef = 9668FFF9267479530063FCCD /* Home.swift */; };
		9668FFFD2674799D0063FCCD /* HomeMenu.swift in Sources */ = {isa = PBXBuildFile; fileRef = 9668FFFC2674799D0063FCCD /* HomeMenu.swift */; };
/* End PBXBuildFile section */

/* Begin PBXFileReference section */
		15A0BFEA2674A11600BF0F41 /* CircleImage.swift */ = {isa = PBXFileReference; lastKnownFileType = sourcecode.swift; path = CircleImage.swift; sourceTree = "<group>"; };
		15A0BFED2674A2E500BF0F41 /* ResultsMenu.swift */ = {isa = PBXFileReference; lastKnownFileType = sourcecode.swift; path = ResultsMenu.swift; sourceTree = "<group>"; };
		15A0BFFA2674A51E00BF0F41 /* Result.swift */ = {isa = PBXFileReference; lastKnownFileType = sourcecode.swift; path = Result.swift; sourceTree = "<group>"; };
		15A0BFFD2674A6D500BF0F41 /* PrimaryLabel.swift */ = {isa = PBXFileReference; lastKnownFileType = sourcecode.swift; path = PrimaryLabel.swift; sourceTree = "<group>"; };
		15A0C0002674A9CB00BF0F41 /* SecondaryLabel.swift */ = {isa = PBXFileReference; lastKnownFileType = sourcecode.swift; path = SecondaryLabel.swift; sourceTree = "<group>"; };
		15A0C0032674AABD00BF0F41 /* PrimaryValue.swift */ = {isa = PBXFileReference; lastKnownFileType = sourcecode.swift; path = PrimaryValue.swift; sourceTree = "<group>"; };
		15A0C0062674ABA100BF0F41 /* SecondaryValue.swift */ = {isa = PBXFileReference; lastKnownFileType = sourcecode.swift; path = SecondaryValue.swift; sourceTree = "<group>"; };
		15A0C0212675BECE00BF0F41 /* ImagePicker.swift */ = {isa = PBXFileReference; lastKnownFileType = sourcecode.swift; path = ImagePicker.swift; sourceTree = "<group>"; };
		15EF8EDC267363160097104D /* Results.swift */ = {isa = PBXFileReference; lastKnownFileType = sourcecode.swift; path = Results.swift; sourceTree = "<group>"; };
		15EF8EE92674946D0097104D /* ResultsTryAgainButton.swift */ = {isa = PBXFileReference; lastKnownFileType = sourcecode.swift; path = ResultsTryAgainButton.swift; sourceTree = "<group>"; };
		9668000226748E9A0063FCCD /* RoundingCornersShape.swift */ = {isa = PBXFileReference; lastKnownFileType = sourcecode.swift; path = RoundingCornersShape.swift; sourceTree = "<group>"; };
		9668001226749E880063FCCD /* OFL.txt */ = {isa = PBXFileReference; fileEncoding = 4; lastKnownFileType = text; path = OFL.txt; sourceTree = "<group>"; };
		9668001326749E880063FCCD /* Nunito-ExtraBold.ttf */ = {isa = PBXFileReference; lastKnownFileType = file; path = "Nunito-ExtraBold.ttf"; sourceTree = "<group>"; };
		9668001426749E890063FCCD /* Nunito-Italic.ttf */ = {isa = PBXFileReference; lastKnownFileType = file; path = "Nunito-Italic.ttf"; sourceTree = "<group>"; };
		9668001526749E890063FCCD /* Nunito-ExtraLightItalic.ttf */ = {isa = PBXFileReference; lastKnownFileType = file; path = "Nunito-ExtraLightItalic.ttf"; sourceTree = "<group>"; };
		9668001626749E890063FCCD /* Nunito-LightItalic.ttf */ = {isa = PBXFileReference; lastKnownFileType = file; path = "Nunito-LightItalic.ttf"; sourceTree = "<group>"; };
		9668001726749E890063FCCD /* Nunito-BlackItalic.ttf */ = {isa = PBXFileReference; lastKnownFileType = file; path = "Nunito-BlackItalic.ttf"; sourceTree = "<group>"; };
		9668001826749E8A0063FCCD /* Nunito-Light.ttf */ = {isa = PBXFileReference; lastKnownFileType = file; path = "Nunito-Light.ttf"; sourceTree = "<group>"; };
		9668001926749E8A0063FCCD /* Nunito-ExtraBoldItalic.ttf */ = {isa = PBXFileReference; lastKnownFileType = file; path = "Nunito-ExtraBoldItalic.ttf"; sourceTree = "<group>"; };
		9668001A26749E8A0063FCCD /* Nunito-Bold.ttf */ = {isa = PBXFileReference; lastKnownFileType = file; path = "Nunito-Bold.ttf"; sourceTree = "<group>"; };
		9668001B26749E8B0063FCCD /* Nunito-SemiBoldItalic.ttf */ = {isa = PBXFileReference; lastKnownFileType = file; path = "Nunito-SemiBoldItalic.ttf"; sourceTree = "<group>"; };
		9668001C26749E8B0063FCCD /* Nunito-ExtraLight.ttf */ = {isa = PBXFileReference; lastKnownFileType = file; path = "Nunito-ExtraLight.ttf"; sourceTree = "<group>"; };
		9668001D26749E8B0063FCCD /* Nunito-Regular.ttf */ = {isa = PBXFileReference; lastKnownFileType = file; path = "Nunito-Regular.ttf"; sourceTree = "<group>"; };
		9668001E26749E8B0063FCCD /* Nunito-Black.ttf */ = {isa = PBXFileReference; lastKnownFileType = file; path = "Nunito-Black.ttf"; sourceTree = "<group>"; };
		9668001F26749E8C0063FCCD /* Nunito-BoldItalic.ttf */ = {isa = PBXFileReference; lastKnownFileType = file; path = "Nunito-BoldItalic.ttf"; sourceTree = "<group>"; };
		9668002026749E8C0063FCCD /* Nunito-SemiBold.ttf */ = {isa = PBXFileReference; lastKnownFileType = file; path = "Nunito-SemiBold.ttf"; sourceTree = "<group>"; };
		9668FF8E267351360063FCCD /* classifai-frontend.app */ = {isa = PBXFileReference; explicitFileType = wrapper.application; includeInIndex = 0; path = "classifai-frontend.app"; sourceTree = BUILT_PRODUCTS_DIR; };
		9668FF91267351360063FCCD /* classifai_frontendApp.swift */ = {isa = PBXFileReference; lastKnownFileType = sourcecode.swift; path = classifai_frontendApp.swift; sourceTree = "<group>"; };
		9668FF93267351360063FCCD /* ContentView.swift */ = {isa = PBXFileReference; lastKnownFileType = sourcecode.swift; path = ContentView.swift; sourceTree = "<group>"; };
		9668FF95267351530063FCCD /* Assets.xcassets */ = {isa = PBXFileReference; lastKnownFileType = folder.assetcatalog; path = Assets.xcassets; sourceTree = "<group>"; };
		9668FF98267351530063FCCD /* Preview Assets.xcassets */ = {isa = PBXFileReference; lastKnownFileType = folder.assetcatalog; path = "Preview Assets.xcassets"; sourceTree = "<group>"; };
		9668FF9A267351530063FCCD /* Info.plist */ = {isa = PBXFileReference; lastKnownFileType = text.plist.xml; path = Info.plist; sourceTree = "<group>"; };
		9668FFA9267353CA0063FCCD /* Fonts.swift */ = {isa = PBXFileReference; lastKnownFileType = sourcecode.swift; path = Fonts.swift; sourceTree = "<group>"; };
		9668FFCE2673542A0063FCCD /* Logo.swift */ = {isa = PBXFileReference; lastKnownFileType = sourcecode.swift; path = Logo.swift; sourceTree = "<group>"; };
		9668FFF9267479530063FCCD /* Home.swift */ = {isa = PBXFileReference; lastKnownFileType = sourcecode.swift; path = Home.swift; sourceTree = "<group>"; };
		9668FFFC2674799D0063FCCD /* HomeMenu.swift */ = {isa = PBXFileReference; lastKnownFileType = sourcecode.swift; path = HomeMenu.swift; sourceTree = "<group>"; };
		9668FFFF26747ABD0063FCCD /* HomeButton.swift */ = {isa = PBXFileReference; lastKnownFileType = sourcecode.swift; path = HomeButton.swift; sourceTree = "<group>"; };
/* End PBXFileReference section */

/* Begin PBXFrameworksBuildPhase section */
		9668FF8B267351360063FCCD /* Frameworks */ = {
			isa = PBXFrameworksBuildPhase;
			buildActionMask = 2147483647;
			files = (
			);
			runOnlyForDeploymentPostprocessing = 0;
		};
/* End PBXFrameworksBuildPhase section */

/* Begin PBXGroup section */
		15A0BFF02674A2EF00BF0F41 /* HomeHelperViews */ = {
			isa = PBXGroup;
			children = (
				9668FFCE2673542A0063FCCD /* Logo.swift */,
				9668FFFC2674799D0063FCCD /* HomeMenu.swift */,
				9668FFFF26747ABD0063FCCD /* HomeButton.swift */,
			);
			path = HomeHelperViews;
			sourceTree = "<group>";
		};
		15A0BFF12674A2FF00BF0F41 /* ResultsHelperViews */ = {
			isa = PBXGroup;
			children = (
				15EF8EE92674946D0097104D /* ResultsTryAgainButton.swift */,
				15A0BFEA2674A11600BF0F41 /* CircleImage.swift */,
				15A0BFED2674A2E500BF0F41 /* ResultsMenu.swift */,
				15A0BFFD2674A6D500BF0F41 /* PrimaryLabel.swift */,
				15A0C0002674A9CB00BF0F41 /* SecondaryLabel.swift */,
				15A0C0032674AABD00BF0F41 /* PrimaryValue.swift */,
				15A0C0062674ABA100BF0F41 /* SecondaryValue.swift */,
			);
			path = ResultsHelperViews;
			sourceTree = "<group>";
		};
		15A0BFF92674A50500BF0F41 /* Model */ = {
			isa = PBXGroup;
			children = (
				15A0BFFA2674A51E00BF0F41 /* Result.swift */,
			);
			path = Model;
			sourceTree = "<group>";
		};
		15A0C0092675A8D300BF0F41 /* Image */ = {
			isa = PBXGroup;
			children = (
				15A0C0212675BECE00BF0F41 /* ImagePicker.swift */,
			);
			path = Image;
			sourceTree = "<group>";
		};
		15EF8EDF267363300097104D /* HelperViews */ = {
			isa = PBXGroup;
			children = (
				9668000226748E9A0063FCCD /* RoundingCornersShape.swift */,
				15A0BFF12674A2FF00BF0F41 /* ResultsHelperViews */,
				15A0BFF02674A2EF00BF0F41 /* HomeHelperViews */,
			);
			path = HelperViews;
			sourceTree = "<group>";
		};
		9668003126749E900063FCCD /* Nunito */ = {
			isa = PBXGroup;
			children = (
				9668001E26749E8B0063FCCD /* Nunito-Black.ttf */,
				9668001726749E890063FCCD /* Nunito-BlackItalic.ttf */,
				9668001A26749E8A0063FCCD /* Nunito-Bold.ttf */,
				9668001F26749E8C0063FCCD /* Nunito-BoldItalic.ttf */,
				9668001326749E880063FCCD /* Nunito-ExtraBold.ttf */,
				9668001926749E8A0063FCCD /* Nunito-ExtraBoldItalic.ttf */,
				9668001C26749E8B0063FCCD /* Nunito-ExtraLight.ttf */,
				9668001526749E890063FCCD /* Nunito-ExtraLightItalic.ttf */,
				9668001426749E890063FCCD /* Nunito-Italic.ttf */,
				9668001826749E8A0063FCCD /* Nunito-Light.ttf */,
				9668001626749E890063FCCD /* Nunito-LightItalic.ttf */,
				9668001D26749E8B0063FCCD /* Nunito-Regular.ttf */,
				9668002026749E8C0063FCCD /* Nunito-SemiBold.ttf */,
				9668001B26749E8B0063FCCD /* Nunito-SemiBoldItalic.ttf */,
				9668001226749E880063FCCD /* OFL.txt */,
			);
			path = Nunito;
			sourceTree = "<group>";
		};
		9668FF85267351360063FCCD = {
			isa = PBXGroup;
			children = (
				9668FF90267351360063FCCD /* classifai-frontend */,
				9668FF8F267351360063FCCD /* Products */,
			);
			sourceTree = "<group>";
		};
		9668FF8F267351360063FCCD /* Products */ = {
			isa = PBXGroup;
			children = (
				9668FF8E267351360063FCCD /* classifai-frontend.app */,
			);
			name = Products;
			sourceTree = "<group>";
		};
		9668FF90267351360063FCCD /* classifai-frontend */ = {
			isa = PBXGroup;
			children = (
				9668FF91267351360063FCCD /* classifai_frontendApp.swift */,
				9668FF93267351360063FCCD /* ContentView.swift */,
				15A0C0092675A8D300BF0F41 /* Image */,
				15A0BFF92674A50500BF0F41 /* Model */,
				9668FFA8267353B40063FCCD /* Fonts */,
				9668FFA7267353A50063FCCD /* Views */,
				15EF8EDF267363300097104D /* HelperViews */,
				9668FF95267351530063FCCD /* Assets.xcassets */,
				9668FF9A267351530063FCCD /* Info.plist */,
				9668FF97267351530063FCCD /* Preview Content */,
			);
			path = "classifai-frontend";
			sourceTree = "<group>";
		};
		9668FF97267351530063FCCD /* Preview Content */ = {
			isa = PBXGroup;
			children = (
				9668FF98267351530063FCCD /* Preview Assets.xcassets */,
			);
			path = "Preview Content";
			sourceTree = "<group>";
		};
		9668FFA7267353A50063FCCD /* Views */ = {
			isa = PBXGroup;
			children = (
				15EF8EDC267363160097104D /* Results.swift */,
				9668FFF9267479530063FCCD /* Home.swift */,
			);
			path = Views;
			sourceTree = "<group>";
		};
		9668FFA8267353B40063FCCD /* Fonts */ = {
			isa = PBXGroup;
			children = (
				9668003126749E900063FCCD /* Nunito */,
				9668FFA9267353CA0063FCCD /* Fonts.swift */,
			);
			path = Fonts;
			sourceTree = "<group>";
		};
/* End PBXGroup section */

/* Begin PBXNativeTarget section */
		9668FF8D267351360063FCCD /* classifai-frontend */ = {
			isa = PBXNativeTarget;
			buildConfigurationList = 9668FF9D267351530063FCCD /* Build configuration list for PBXNativeTarget "classifai-frontend" */;
			buildPhases = (
				9668FF8A267351360063FCCD /* Sources */,
				9668FF8B267351360063FCCD /* Frameworks */,
				9668FF8C267351360063FCCD /* Resources */,
			);
			buildRules = (
			);
			dependencies = (
			);
			name = "classifai-frontend";
			productName = "classifai-frontend";
			productReference = 9668FF8E267351360063FCCD /* classifai-frontend.app */;
			productType = "com.apple.product-type.application";
		};
/* End PBXNativeTarget section */

/* Begin PBXProject section */
		9668FF86267351360063FCCD /* Project object */ = {
			isa = PBXProject;
			attributes = {
				LastSwiftUpdateCheck = 1240;
				LastUpgradeCheck = 1240;
				TargetAttributes = {
					9668FF8D267351360063FCCD = {
						CreatedOnToolsVersion = 12.4;
					};
				};
			};
			buildConfigurationList = 9668FF89267351360063FCCD /* Build configuration list for PBXProject "classifai-frontend" */;
			compatibilityVersion = "Xcode 9.3";
			developmentRegion = en;
			hasScannedForEncodings = 0;
			knownRegions = (
				en,
				Base,
			);
			mainGroup = 9668FF85267351360063FCCD;
			productRefGroup = 9668FF8F267351360063FCCD /* Products */;
			projectDirPath = "";
			projectRoot = "";
			targets = (
				9668FF8D267351360063FCCD /* classifai-frontend */,
			);
		};
/* End PBXProject section */

/* Begin PBXResourcesBuildPhase section */
		9668FF8C267351360063FCCD /* Resources */ = {
			isa = PBXResourcesBuildPhase;
			buildActionMask = 2147483647;
			files = (
				9668002A26749E8C0063FCCD /* Nunito-SemiBoldItalic.ttf in Resources */,
				9668002126749E8C0063FCCD /* OFL.txt in Resources */,
				9668002E26749E8C0063FCCD /* Nunito-BoldItalic.ttf in Resources */,
				9668002F26749E8C0063FCCD /* Nunito-SemiBold.ttf in Resources */,
				9668002826749E8C0063FCCD /* Nunito-ExtraBoldItalic.ttf in Resources */,
				9668002426749E8C0063FCCD /* Nunito-ExtraLightItalic.ttf in Resources */,
				9668002C26749E8C0063FCCD /* Nunito-Regular.ttf in Resources */,
				9668002726749E8C0063FCCD /* Nunito-Light.ttf in Resources */,
				9668002326749E8C0063FCCD /* Nunito-Italic.ttf in Resources */,
				9668FF99267351530063FCCD /* Preview Assets.xcassets in Resources */,
				9668002926749E8C0063FCCD /* Nunito-Bold.ttf in Resources */,
				9668002526749E8C0063FCCD /* Nunito-LightItalic.ttf in Resources */,
				9668FF96267351530063FCCD /* Assets.xcassets in Resources */,
				9668002D26749E8C0063FCCD /* Nunito-Black.ttf in Resources */,
				9668002226749E8C0063FCCD /* Nunito-ExtraBold.ttf in Resources */,
				9668002626749E8C0063FCCD /* Nunito-BlackItalic.ttf in Resources */,
				9668002B26749E8C0063FCCD /* Nunito-ExtraLight.ttf in Resources */,
			);
			runOnlyForDeploymentPostprocessing = 0;
		};
/* End PBXResourcesBuildPhase section */

/* Begin PBXSourcesBuildPhase section */
		9668FF8A267351360063FCCD /* Sources */ = {
			isa = PBXSourcesBuildPhase;
			buildActionMask = 2147483647;
			files = (
				9668000026747ABD0063FCCD /* HomeButton.swift in Sources */,
				15A0BFFB2674A51E00BF0F41 /* Result.swift in Sources */,
				15A0C0072674ABA100BF0F41 /* SecondaryValue.swift in Sources */,
				15A0C0222675BECE00BF0F41 /* ImagePicker.swift in Sources */,
				9668000326748E9A0063FCCD /* RoundingCornersShape.swift in Sources */,
				9668FF94267351360063FCCD /* ContentView.swift in Sources */,
				9668FFAA267353CA0063FCCD /* Fonts.swift in Sources */,
				9668FFFD2674799D0063FCCD /* HomeMenu.swift in Sources */,
				15EF8EEA2674946D0097104D /* ResultsTryAgainButton.swift in Sources */,
				9668FFCF2673542B0063FCCD /* Logo.swift in Sources */,
				9668FF92267351360063FCCD /* classifai_frontendApp.swift in Sources */,
				15A0BFEB2674A11600BF0F41 /* CircleImage.swift in Sources */,
				9668FFFA267479530063FCCD /* Home.swift in Sources */,
				15EF8EDD267363160097104D /* Results.swift in Sources */,
				15A0C0012674A9CB00BF0F41 /* SecondaryLabel.swift in Sources */,
				15A0BFEE2674A2E500BF0F41 /* ResultsMenu.swift in Sources */,
				15A0C0042674AABD00BF0F41 /* PrimaryValue.swift in Sources */,
				15A0BFFE2674A6D500BF0F41 /* PrimaryLabel.swift in Sources */,
			);
			runOnlyForDeploymentPostprocessing = 0;
		};
/* End PBXSourcesBuildPhase section */

/* Begin XCBuildConfiguration section */
		9668FF9B267351530063FCCD /* Debug */ = {
			isa = XCBuildConfiguration;
			buildSettings = {
				ALWAYS_SEARCH_USER_PATHS = NO;
				CLANG_ANALYZER_NONNULL = YES;
				CLANG_ANALYZER_NUMBER_OBJECT_CONVERSION = YES_AGGRESSIVE;
				CLANG_CXX_LANGUAGE_STANDARD = "gnu++14";
				CLANG_CXX_LIBRARY = "libc++";
				CLANG_ENABLE_MODULES = YES;
				CLANG_ENABLE_OBJC_ARC = YES;
				CLANG_ENABLE_OBJC_WEAK = YES;
				CLANG_WARN_BLOCK_CAPTURE_AUTORELEASING = YES;
				CLANG_WARN_BOOL_CONVERSION = YES;
				CLANG_WARN_COMMA = YES;
				CLANG_WARN_CONSTANT_CONVERSION = YES;
				CLANG_WARN_DEPRECATED_OBJC_IMPLEMENTATIONS = YES;
				CLANG_WARN_DIRECT_OBJC_ISA_USAGE = YES_ERROR;
				CLANG_WARN_DOCUMENTATION_COMMENTS = YES;
				CLANG_WARN_EMPTY_BODY = YES;
				CLANG_WARN_ENUM_CONVERSION = YES;
				CLANG_WARN_INFINITE_RECURSION = YES;
				CLANG_WARN_INT_CONVERSION = YES;
				CLANG_WARN_NON_LITERAL_NULL_CONVERSION = YES;
				CLANG_WARN_OBJC_IMPLICIT_RETAIN_SELF = YES;
				CLANG_WARN_OBJC_LITERAL_CONVERSION = YES;
				CLANG_WARN_OBJC_ROOT_CLASS = YES_ERROR;
				CLANG_WARN_QUOTED_INCLUDE_IN_FRAMEWORK_HEADER = YES;
				CLANG_WARN_RANGE_LOOP_ANALYSIS = YES;
				CLANG_WARN_STRICT_PROTOTYPES = YES;
				CLANG_WARN_SUSPICIOUS_MOVE = YES;
				CLANG_WARN_UNGUARDED_AVAILABILITY = YES_AGGRESSIVE;
				CLANG_WARN_UNREACHABLE_CODE = YES;
				CLANG_WARN__DUPLICATE_METHOD_MATCH = YES;
				COPY_PHASE_STRIP = NO;
				DEBUG_INFORMATION_FORMAT = dwarf;
				ENABLE_STRICT_OBJC_MSGSEND = YES;
				ENABLE_TESTABILITY = YES;
				GCC_C_LANGUAGE_STANDARD = gnu11;
				GCC_DYNAMIC_NO_PIC = NO;
				GCC_NO_COMMON_BLOCKS = YES;
				GCC_OPTIMIZATION_LEVEL = 0;
				GCC_PREPROCESSOR_DEFINITIONS = (
					"DEBUG=1",
					"$(inherited)",
				);
				GCC_WARN_64_TO_32_BIT_CONVERSION = YES;
				GCC_WARN_ABOUT_RETURN_TYPE = YES_ERROR;
				GCC_WARN_UNDECLARED_SELECTOR = YES;
				GCC_WARN_UNINITIALIZED_AUTOS = YES_AGGRESSIVE;
				GCC_WARN_UNUSED_FUNCTION = YES;
				GCC_WARN_UNUSED_VARIABLE = YES;
				IPHONEOS_DEPLOYMENT_TARGET = 14.4;
				MTL_ENABLE_DEBUG_INFO = INCLUDE_SOURCE;
				MTL_FAST_MATH = YES;
				ONLY_ACTIVE_ARCH = YES;
				SDKROOT = iphoneos;
				SWIFT_ACTIVE_COMPILATION_CONDITIONS = DEBUG;
				SWIFT_OPTIMIZATION_LEVEL = "-Onone";
			};
			name = Debug;
		};
		9668FF9C267351530063FCCD /* Release */ = {
			isa = XCBuildConfiguration;
			buildSettings = {
				ALWAYS_SEARCH_USER_PATHS = NO;
				CLANG_ANALYZER_NONNULL = YES;
				CLANG_ANALYZER_NUMBER_OBJECT_CONVERSION = YES_AGGRESSIVE;
				CLANG_CXX_LANGUAGE_STANDARD = "gnu++14";
				CLANG_CXX_LIBRARY = "libc++";
				CLANG_ENABLE_MODULES = YES;
				CLANG_ENABLE_OBJC_ARC = YES;
				CLANG_ENABLE_OBJC_WEAK = YES;
				CLANG_WARN_BLOCK_CAPTURE_AUTORELEASING = YES;
				CLANG_WARN_BOOL_CONVERSION = YES;
				CLANG_WARN_COMMA = YES;
				CLANG_WARN_CONSTANT_CONVERSION = YES;
				CLANG_WARN_DEPRECATED_OBJC_IMPLEMENTATIONS = YES;
				CLANG_WARN_DIRECT_OBJC_ISA_USAGE = YES_ERROR;
				CLANG_WARN_DOCUMENTATION_COMMENTS = YES;
				CLANG_WARN_EMPTY_BODY = YES;
				CLANG_WARN_ENUM_CONVERSION = YES;
				CLANG_WARN_INFINITE_RECURSION = YES;
				CLANG_WARN_INT_CONVERSION = YES;
				CLANG_WARN_NON_LITERAL_NULL_CONVERSION = YES;
				CLANG_WARN_OBJC_IMPLICIT_RETAIN_SELF = YES;
				CLANG_WARN_OBJC_LITERAL_CONVERSION = YES;
				CLANG_WARN_OBJC_ROOT_CLASS = YES_ERROR;
				CLANG_WARN_QUOTED_INCLUDE_IN_FRAMEWORK_HEADER = YES;
				CLANG_WARN_RANGE_LOOP_ANALYSIS = YES;
				CLANG_WARN_STRICT_PROTOTYPES = YES;
				CLANG_WARN_SUSPICIOUS_MOVE = YES;
				CLANG_WARN_UNGUARDED_AVAILABILITY = YES_AGGRESSIVE;
				CLANG_WARN_UNREACHABLE_CODE = YES;
				CLANG_WARN__DUPLICATE_METHOD_MATCH = YES;
				COPY_PHASE_STRIP = NO;
				DEBUG_INFORMATION_FORMAT = "dwarf-with-dsym";
				ENABLE_NS_ASSERTIONS = NO;
				ENABLE_STRICT_OBJC_MSGSEND = YES;
				GCC_C_LANGUAGE_STANDARD = gnu11;
				GCC_NO_COMMON_BLOCKS = YES;
				GCC_WARN_64_TO_32_BIT_CONVERSION = YES;
				GCC_WARN_ABOUT_RETURN_TYPE = YES_ERROR;
				GCC_WARN_UNDECLARED_SELECTOR = YES;
				GCC_WARN_UNINITIALIZED_AUTOS = YES_AGGRESSIVE;
				GCC_WARN_UNUSED_FUNCTION = YES;
				GCC_WARN_UNUSED_VARIABLE = YES;
				IPHONEOS_DEPLOYMENT_TARGET = 14.4;
				MTL_ENABLE_DEBUG_INFO = NO;
				MTL_FAST_MATH = YES;
				SDKROOT = iphoneos;
				SWIFT_COMPILATION_MODE = wholemodule;
				SWIFT_OPTIMIZATION_LEVEL = "-O";
				VALIDATE_PRODUCT = YES;
			};
			name = Release;
		};
		9668FF9E267351530063FCCD /* Debug */ = {
			isa = XCBuildConfiguration;
			buildSettings = {
				ASSETCATALOG_COMPILER_APPICON_NAME = AppIcon;
				ASSETCATALOG_COMPILER_GLOBAL_ACCENT_COLOR_NAME = AccentColor;
				CODE_SIGN_STYLE = Automatic;
				DEVELOPMENT_ASSET_PATHS = "\"classifai-frontend/Preview Content\"";
				ENABLE_PREVIEWS = YES;
				INFOPLIST_FILE = "classifai-frontend/Info.plist";
				IPHONEOS_DEPLOYMENT_TARGET = 14.0;
				LD_RUNPATH_SEARCH_PATHS = (
					"$(inherited)",
					"@executable_path/Frameworks",
				);
				PRODUCT_BUNDLE_IDENTIFIER = "Allen-Gu.classifai-frontend";
				PRODUCT_NAME = "$(TARGET_NAME)";
				SWIFT_VERSION = 5.0;
				TARGETED_DEVICE_FAMILY = "1,2";
			};
			name = Debug;
		};
		9668FF9F267351530063FCCD /* Release */ = {
			isa = XCBuildConfiguration;
			buildSettings = {
				ASSETCATALOG_COMPILER_APPICON_NAME = AppIcon;
				ASSETCATALOG_COMPILER_GLOBAL_ACCENT_COLOR_NAME = AccentColor;
				CODE_SIGN_STYLE = Automatic;
				DEVELOPMENT_ASSET_PATHS = "\"classifai-frontend/Preview Content\"";
				ENABLE_PREVIEWS = YES;
				INFOPLIST_FILE = "classifai-frontend/Info.plist";
				IPHONEOS_DEPLOYMENT_TARGET = 14.0;
				LD_RUNPATH_SEARCH_PATHS = (
					"$(inherited)",
					"@executable_path/Frameworks",
				);
				PRODUCT_BUNDLE_IDENTIFIER = "Allen-Gu.classifai-frontend";
				PRODUCT_NAME = "$(TARGET_NAME)";
				SWIFT_VERSION = 5.0;
				TARGETED_DEVICE_FAMILY = "1,2";
			};
			name = Release;
		};
/* End XCBuildConfiguration section */

/* Begin XCConfigurationList section */
		9668FF89267351360063FCCD /* Build configuration list for PBXProject "classifai-frontend" */ = {
			isa = XCConfigurationList;
			buildConfigurations = (
				9668FF9B267351530063FCCD /* Debug */,
				9668FF9C267351530063FCCD /* Release */,
			);
			defaultConfigurationIsVisible = 0;
			defaultConfigurationName = Release;
		};
		9668FF9D267351530063FCCD /* Build configuration list for PBXNativeTarget "classifai-frontend" */ = {
			isa = XCConfigurationList;
			buildConfigurations = (
				9668FF9E267351530063FCCD /* Debug */,
				9668FF9F267351530063FCCD /* Release */,
			);
			defaultConfigurationIsVisible = 0;
			defaultConfigurationName = Release;
		};
/* End XCConfigurationList section */
	};
	rootObject = 9668FF86267351360063FCCD /* Project object */;
}
