// !$*UTF8*$!
{
	archiveVersion = 1;
	classes = {
	};
	objectVersion = 50;
	objects = {

/* Begin PBXBuildFile section */
		9668FF422672D6290063FCCD /* Logo.swift in Sources */ = {isa = PBXBuildFile; fileRef = 9668FF412672D6290063FCCD /* Logo.swift */; };
		9668FF672672D7E60063FCCD /* Nunito-SemiBoldItalic.ttf in Resources */ = {isa = PBXBuildFile; fileRef = 9668FF5F2672D7CC0063FCCD /* Nunito-SemiBoldItalic.ttf */; };
		9668FF682672D7E60063FCCD /* Nunito-ExtraBold.ttf in Resources */ = {isa = PBXBuildFile; fileRef = 9668FF562672D7CC0063FCCD /* Nunito-ExtraBold.ttf */; };
		9668FF692672D7E60063FCCD /* Nunito-Bold.ttf in Resources */ = {isa = PBXBuildFile; fileRef = 9668FF5B2672D7CC0063FCCD /* Nunito-Bold.ttf */; };
		9668FF6A2672D7E60063FCCD /* Nunito-BoldItalic.ttf in Resources */ = {isa = PBXBuildFile; fileRef = 9668FF5C2672D7CC0063FCCD /* Nunito-BoldItalic.ttf */; };
		9668FF6B2672D7E60063FCCD /* Nunito-Italic.ttf in Resources */ = {isa = PBXBuildFile; fileRef = 9668FF622672D7CC0063FCCD /* Nunito-Italic.ttf */; };
		9668FF6C2672D7E70063FCCD /* Nunito-ExtraLightItalic.ttf in Resources */ = {isa = PBXBuildFile; fileRef = 9668FF572672D7CC0063FCCD /* Nunito-ExtraLightItalic.ttf */; };
		9668FF6D2672D7E70063FCCD /* Nunito-BlackItalic.ttf in Resources */ = {isa = PBXBuildFile; fileRef = 9668FF602672D7CC0063FCCD /* Nunito-BlackItalic.ttf */; };
		9668FF6E2672D7E70063FCCD /* Nunito-ExtraLight.ttf in Resources */ = {isa = PBXBuildFile; fileRef = 9668FF5E2672D7CC0063FCCD /* Nunito-ExtraLight.ttf */; };
		9668FF6F2672D7E70063FCCD /* Nunito-Regular.ttf in Resources */ = {isa = PBXBuildFile; fileRef = 9668FF592672D7CC0063FCCD /* Nunito-Regular.ttf */; };
		9668FF702672D7E70063FCCD /* OFL.txt in Resources */ = {isa = PBXBuildFile; fileRef = 9668FF612672D7CC0063FCCD /* OFL.txt */; };
		9668FF712672D7E70063FCCD /* Nunito-LightItalic.ttf in Resources */ = {isa = PBXBuildFile; fileRef = 9668FF632672D7CC0063FCCD /* Nunito-LightItalic.ttf */; };
		9668FF722672D7E70063FCCD /* Nunito-ExtraBoldItalic.ttf in Resources */ = {isa = PBXBuildFile; fileRef = 9668FF552672D7CC0063FCCD /* Nunito-ExtraBoldItalic.ttf */; };
		9668FF732672D7E70063FCCD /* Nunito-Black.ttf in Resources */ = {isa = PBXBuildFile; fileRef = 9668FF5D2672D7CC0063FCCD /* Nunito-Black.ttf */; };
		9668FF742672D7E70063FCCD /* Nunito-Light.ttf in Resources */ = {isa = PBXBuildFile; fileRef = 9668FF582672D7CC0063FCCD /* Nunito-Light.ttf */; };
		9668FF752672D7E70063FCCD /* Nunito-SemiBold.ttf in Resources */ = {isa = PBXBuildFile; fileRef = 9668FF5A2672D7CC0063FCCD /* Nunito-SemiBold.ttf */; };
		9668FF7A2672D89F0063FCCD /* Fonts.swift in Sources */ = {isa = PBXBuildFile; fileRef = 9668FF792672D89F0063FCCD /* Fonts.swift */; };
		96A30F2726702C6E004EDBB0 /* AppDelegate.swift in Sources */ = {isa = PBXBuildFile; fileRef = 96A30F2626702C6E004EDBB0 /* AppDelegate.swift */; };
		96A30F2926702C6E004EDBB0 /* SceneDelegate.swift in Sources */ = {isa = PBXBuildFile; fileRef = 96A30F2826702C6E004EDBB0 /* SceneDelegate.swift */; };
		96A30F2B26702C6E004EDBB0 /* ContentView.swift in Sources */ = {isa = PBXBuildFile; fileRef = 96A30F2A26702C6E004EDBB0 /* ContentView.swift */; };
		96A30F2D26702C72004EDBB0 /* Assets.xcassets in Resources */ = {isa = PBXBuildFile; fileRef = 96A30F2C26702C72004EDBB0 /* Assets.xcassets */; };
		96A30F3026702C72004EDBB0 /* Preview Assets.xcassets in Resources */ = {isa = PBXBuildFile; fileRef = 96A30F2F26702C72004EDBB0 /* Preview Assets.xcassets */; };
		96A30F3326702C72004EDBB0 /* LaunchScreen.storyboard in Resources */ = {isa = PBXBuildFile; fileRef = 96A30F3126702C72004EDBB0 /* LaunchScreen.storyboard */; };
		96A30F3E26702C73004EDBB0 /* frontendTests.swift in Sources */ = {isa = PBXBuildFile; fileRef = 96A30F3D26702C73004EDBB0 /* frontendTests.swift */; };
		96A30F4926702C73004EDBB0 /* frontendUITests.swift in Sources */ = {isa = PBXBuildFile; fileRef = 96A30F4826702C73004EDBB0 /* frontendUITests.swift */; };
/* End PBXBuildFile section */

/* Begin PBXContainerItemProxy section */
		96A30F3A26702C73004EDBB0 /* PBXContainerItemProxy */ = {
			isa = PBXContainerItemProxy;
			containerPortal = 96A30F1B26702C6E004EDBB0 /* Project object */;
			proxyType = 1;
			remoteGlobalIDString = 96A30F2226702C6E004EDBB0;
			remoteInfo = frontend;
		};
		96A30F4526702C73004EDBB0 /* PBXContainerItemProxy */ = {
			isa = PBXContainerItemProxy;
			containerPortal = 96A30F1B26702C6E004EDBB0 /* Project object */;
			proxyType = 1;
			remoteGlobalIDString = 96A30F2226702C6E004EDBB0;
			remoteInfo = frontend;
		};
/* End PBXContainerItemProxy section */

/* Begin PBXFileReference section */
		9668FF412672D6290063FCCD /* Logo.swift */ = {isa = PBXFileReference; lastKnownFileType = sourcecode.swift; path = Logo.swift; sourceTree = "<group>"; };
		9668FF552672D7CC0063FCCD /* Nunito-ExtraBoldItalic.ttf */ = {isa = PBXFileReference; lastKnownFileType = file; path = "Nunito-ExtraBoldItalic.ttf"; sourceTree = "<group>"; };
		9668FF562672D7CC0063FCCD /* Nunito-ExtraBold.ttf */ = {isa = PBXFileReference; lastKnownFileType = file; path = "Nunito-ExtraBold.ttf"; sourceTree = "<group>"; };
		9668FF572672D7CC0063FCCD /* Nunito-ExtraLightItalic.ttf */ = {isa = PBXFileReference; lastKnownFileType = file; path = "Nunito-ExtraLightItalic.ttf"; sourceTree = "<group>"; };
		9668FF582672D7CC0063FCCD /* Nunito-Light.ttf */ = {isa = PBXFileReference; lastKnownFileType = file; path = "Nunito-Light.ttf"; sourceTree = "<group>"; };
		9668FF592672D7CC0063FCCD /* Nunito-Regular.ttf */ = {isa = PBXFileReference; lastKnownFileType = file; path = "Nunito-Regular.ttf"; sourceTree = "<group>"; };
		9668FF5A2672D7CC0063FCCD /* Nunito-SemiBold.ttf */ = {isa = PBXFileReference; lastKnownFileType = file; path = "Nunito-SemiBold.ttf"; sourceTree = "<group>"; };
		9668FF5B2672D7CC0063FCCD /* Nunito-Bold.ttf */ = {isa = PBXFileReference; lastKnownFileType = file; path = "Nunito-Bold.ttf"; sourceTree = "<group>"; };
		9668FF5C2672D7CC0063FCCD /* Nunito-BoldItalic.ttf */ = {isa = PBXFileReference; lastKnownFileType = file; path = "Nunito-BoldItalic.ttf"; sourceTree = "<group>"; };
		9668FF5D2672D7CC0063FCCD /* Nunito-Black.ttf */ = {isa = PBXFileReference; lastKnownFileType = file; path = "Nunito-Black.ttf"; sourceTree = "<group>"; };
		9668FF5E2672D7CC0063FCCD /* Nunito-ExtraLight.ttf */ = {isa = PBXFileReference; lastKnownFileType = file; path = "Nunito-ExtraLight.ttf"; sourceTree = "<group>"; };
		9668FF5F2672D7CC0063FCCD /* Nunito-SemiBoldItalic.ttf */ = {isa = PBXFileReference; lastKnownFileType = file; path = "Nunito-SemiBoldItalic.ttf"; sourceTree = "<group>"; };
		9668FF602672D7CC0063FCCD /* Nunito-BlackItalic.ttf */ = {isa = PBXFileReference; lastKnownFileType = file; path = "Nunito-BlackItalic.ttf"; sourceTree = "<group>"; };
		9668FF612672D7CC0063FCCD /* OFL.txt */ = {isa = PBXFileReference; lastKnownFileType = text; path = OFL.txt; sourceTree = "<group>"; };
		9668FF622672D7CC0063FCCD /* Nunito-Italic.ttf */ = {isa = PBXFileReference; lastKnownFileType = file; path = "Nunito-Italic.ttf"; sourceTree = "<group>"; };
		9668FF632672D7CC0063FCCD /* Nunito-LightItalic.ttf */ = {isa = PBXFileReference; lastKnownFileType = file; path = "Nunito-LightItalic.ttf"; sourceTree = "<group>"; };
		9668FF792672D89F0063FCCD /* Fonts.swift */ = {isa = PBXFileReference; lastKnownFileType = sourcecode.swift; path = Fonts.swift; sourceTree = "<group>"; };
		96A30F2326702C6E004EDBB0 /* frontend.app */ = {isa = PBXFileReference; explicitFileType = wrapper.application; includeInIndex = 0; path = frontend.app; sourceTree = BUILT_PRODUCTS_DIR; };
		96A30F2626702C6E004EDBB0 /* AppDelegate.swift */ = {isa = PBXFileReference; lastKnownFileType = sourcecode.swift; path = AppDelegate.swift; sourceTree = "<group>"; };
		96A30F2826702C6E004EDBB0 /* SceneDelegate.swift */ = {isa = PBXFileReference; lastKnownFileType = sourcecode.swift; path = SceneDelegate.swift; sourceTree = "<group>"; };
		96A30F2A26702C6E004EDBB0 /* ContentView.swift */ = {isa = PBXFileReference; lastKnownFileType = sourcecode.swift; path = ContentView.swift; sourceTree = "<group>"; };
		96A30F2C26702C72004EDBB0 /* Assets.xcassets */ = {isa = PBXFileReference; lastKnownFileType = folder.assetcatalog; path = Assets.xcassets; sourceTree = "<group>"; };
		96A30F2F26702C72004EDBB0 /* Preview Assets.xcassets */ = {isa = PBXFileReference; lastKnownFileType = folder.assetcatalog; path = "Preview Assets.xcassets"; sourceTree = "<group>"; };
		96A30F3226702C72004EDBB0 /* Base */ = {isa = PBXFileReference; lastKnownFileType = file.storyboard; name = Base; path = Base.lproj/LaunchScreen.storyboard; sourceTree = "<group>"; };
		96A30F3426702C72004EDBB0 /* Info.plist */ = {isa = PBXFileReference; lastKnownFileType = text.plist.xml; path = Info.plist; sourceTree = "<group>"; };
		96A30F3926702C73004EDBB0 /* frontendTests.xctest */ = {isa = PBXFileReference; explicitFileType = wrapper.cfbundle; includeInIndex = 0; path = frontendTests.xctest; sourceTree = BUILT_PRODUCTS_DIR; };
		96A30F3D26702C73004EDBB0 /* frontendTests.swift */ = {isa = PBXFileReference; lastKnownFileType = sourcecode.swift; path = frontendTests.swift; sourceTree = "<group>"; };
		96A30F3F26702C73004EDBB0 /* Info.plist */ = {isa = PBXFileReference; lastKnownFileType = text.plist.xml; path = Info.plist; sourceTree = "<group>"; };
		96A30F4426702C73004EDBB0 /* frontendUITests.xctest */ = {isa = PBXFileReference; explicitFileType = wrapper.cfbundle; includeInIndex = 0; path = frontendUITests.xctest; sourceTree = BUILT_PRODUCTS_DIR; };
		96A30F4826702C73004EDBB0 /* frontendUITests.swift */ = {isa = PBXFileReference; lastKnownFileType = sourcecode.swift; path = frontendUITests.swift; sourceTree = "<group>"; };
		96A30F4A26702C73004EDBB0 /* Info.plist */ = {isa = PBXFileReference; lastKnownFileType = text.plist.xml; path = Info.plist; sourceTree = "<group>"; };
/* End PBXFileReference section */

/* Begin PBXFrameworksBuildPhase section */
		96A30F2026702C6E004EDBB0 /* Frameworks */ = {
			isa = PBXFrameworksBuildPhase;
			buildActionMask = 2147483647;
			files = (
			);
			runOnlyForDeploymentPostprocessing = 0;
		};
		96A30F3626702C73004EDBB0 /* Frameworks */ = {
			isa = PBXFrameworksBuildPhase;
			buildActionMask = 2147483647;
			files = (
			);
			runOnlyForDeploymentPostprocessing = 0;
		};
		96A30F4126702C73004EDBB0 /* Frameworks */ = {
			isa = PBXFrameworksBuildPhase;
			buildActionMask = 2147483647;
			files = (
			);
			runOnlyForDeploymentPostprocessing = 0;
		};
/* End PBXFrameworksBuildPhase section */

/* Begin PBXGroup section */
		9668FF3D2672D5A60063FCCD /* Views */ = {
			isa = PBXGroup;
			children = (
				9668FF412672D6290063FCCD /* Logo.swift */,
			);
			path = Views;
			sourceTree = "<group>";
		};
		9668FF532672D7B50063FCCD /* Fonts */ = {
			isa = PBXGroup;
			children = (
				9668FF542672D7CC0063FCCD /* Nunito */,
				9668FF792672D89F0063FCCD /* Fonts.swift */,
			);
			path = Fonts;
			sourceTree = "<group>";
		};
		9668FF542672D7CC0063FCCD /* Nunito */ = {
			isa = PBXGroup;
			children = (
				9668FF552672D7CC0063FCCD /* Nunito-ExtraBoldItalic.ttf */,
				9668FF562672D7CC0063FCCD /* Nunito-ExtraBold.ttf */,
				9668FF572672D7CC0063FCCD /* Nunito-ExtraLightItalic.ttf */,
				9668FF582672D7CC0063FCCD /* Nunito-Light.ttf */,
				9668FF592672D7CC0063FCCD /* Nunito-Regular.ttf */,
				9668FF5A2672D7CC0063FCCD /* Nunito-SemiBold.ttf */,
				9668FF5B2672D7CC0063FCCD /* Nunito-Bold.ttf */,
				9668FF5C2672D7CC0063FCCD /* Nunito-BoldItalic.ttf */,
				9668FF5D2672D7CC0063FCCD /* Nunito-Black.ttf */,
				9668FF5E2672D7CC0063FCCD /* Nunito-ExtraLight.ttf */,
				9668FF5F2672D7CC0063FCCD /* Nunito-SemiBoldItalic.ttf */,
				9668FF602672D7CC0063FCCD /* Nunito-BlackItalic.ttf */,
				9668FF612672D7CC0063FCCD /* OFL.txt */,
				9668FF622672D7CC0063FCCD /* Nunito-Italic.ttf */,
				9668FF632672D7CC0063FCCD /* Nunito-LightItalic.ttf */,
			);
			path = Nunito;
			sourceTree = "<group>";
		};
		96A30F1A26702C6E004EDBB0 = {
			isa = PBXGroup;
			children = (
				96A30F2526702C6E004EDBB0 /* frontend */,
				96A30F3C26702C73004EDBB0 /* frontendTests */,
				96A30F4726702C73004EDBB0 /* frontendUITests */,
				96A30F2426702C6E004EDBB0 /* Products */,
			);
			sourceTree = "<group>";
		};
		96A30F2426702C6E004EDBB0 /* Products */ = {
			isa = PBXGroup;
			children = (
				96A30F2326702C6E004EDBB0 /* frontend.app */,
				96A30F3926702C73004EDBB0 /* frontendTests.xctest */,
				96A30F4426702C73004EDBB0 /* frontendUITests.xctest */,
			);
			name = Products;
			sourceTree = "<group>";
		};
		96A30F2526702C6E004EDBB0 /* frontend */ = {
			isa = PBXGroup;
			children = (
				9668FF532672D7B50063FCCD /* Fonts */,
				9668FF3D2672D5A60063FCCD /* Views */,
				96A30F2626702C6E004EDBB0 /* AppDelegate.swift */,
				96A30F2826702C6E004EDBB0 /* SceneDelegate.swift */,
				96A30F2A26702C6E004EDBB0 /* ContentView.swift */,
				96A30F2C26702C72004EDBB0 /* Assets.xcassets */,
				96A30F3126702C72004EDBB0 /* LaunchScreen.storyboard */,
				96A30F3426702C72004EDBB0 /* Info.plist */,
				96A30F2E26702C72004EDBB0 /* Preview Content */,
			);
			path = frontend;
			sourceTree = "<group>";
		};
		96A30F2E26702C72004EDBB0 /* Preview Content */ = {
			isa = PBXGroup;
			children = (
				96A30F2F26702C72004EDBB0 /* Preview Assets.xcassets */,
			);
			path = "Preview Content";
			sourceTree = "<group>";
		};
		96A30F3C26702C73004EDBB0 /* frontendTests */ = {
			isa = PBXGroup;
			children = (
				96A30F3D26702C73004EDBB0 /* frontendTests.swift */,
				96A30F3F26702C73004EDBB0 /* Info.plist */,
			);
			path = frontendTests;
			sourceTree = "<group>";
		};
		96A30F4726702C73004EDBB0 /* frontendUITests */ = {
			isa = PBXGroup;
			children = (
				96A30F4826702C73004EDBB0 /* frontendUITests.swift */,
				96A30F4A26702C73004EDBB0 /* Info.plist */,
			);
			path = frontendUITests;
			sourceTree = "<group>";
		};
/* End PBXGroup section */

/* Begin PBXNativeTarget section */
		96A30F2226702C6E004EDBB0 /* frontend */ = {
			isa = PBXNativeTarget;
			buildConfigurationList = 96A30F4D26702C73004EDBB0 /* Build configuration list for PBXNativeTarget "frontend" */;
			buildPhases = (
				96A30F1F26702C6E004EDBB0 /* Sources */,
				96A30F2026702C6E004EDBB0 /* Frameworks */,
				96A30F2126702C6E004EDBB0 /* Resources */,
			);
			buildRules = (
			);
			dependencies = (
			);
			name = frontend;
			productName = frontend;
			productReference = 96A30F2326702C6E004EDBB0 /* frontend.app */;
			productType = "com.apple.product-type.application";
		};
		96A30F3826702C73004EDBB0 /* frontendTests */ = {
			isa = PBXNativeTarget;
			buildConfigurationList = 96A30F5026702C73004EDBB0 /* Build configuration list for PBXNativeTarget "frontendTests" */;
			buildPhases = (
				96A30F3526702C73004EDBB0 /* Sources */,
				96A30F3626702C73004EDBB0 /* Frameworks */,
				96A30F3726702C73004EDBB0 /* Resources */,
			);
			buildRules = (
			);
			dependencies = (
				96A30F3B26702C73004EDBB0 /* PBXTargetDependency */,
			);
			name = frontendTests;
			productName = frontendTests;
			productReference = 96A30F3926702C73004EDBB0 /* frontendTests.xctest */;
			productType = "com.apple.product-type.bundle.unit-test";
		};
		96A30F4326702C73004EDBB0 /* frontendUITests */ = {
			isa = PBXNativeTarget;
			buildConfigurationList = 96A30F5326702C73004EDBB0 /* Build configuration list for PBXNativeTarget "frontendUITests" */;
			buildPhases = (
				96A30F4026702C73004EDBB0 /* Sources */,
				96A30F4126702C73004EDBB0 /* Frameworks */,
				96A30F4226702C73004EDBB0 /* Resources */,
			);
			buildRules = (
			);
			dependencies = (
				96A30F4626702C73004EDBB0 /* PBXTargetDependency */,
			);
			name = frontendUITests;
			productName = frontendUITests;
			productReference = 96A30F4426702C73004EDBB0 /* frontendUITests.xctest */;
			productType = "com.apple.product-type.bundle.ui-testing";
		};
/* End PBXNativeTarget section */

/* Begin PBXProject section */
		96A30F1B26702C6E004EDBB0 /* Project object */ = {
			isa = PBXProject;
			attributes = {
				LastSwiftUpdateCheck = 1240;
				LastUpgradeCheck = 1240;
				TargetAttributes = {
					96A30F2226702C6E004EDBB0 = {
						CreatedOnToolsVersion = 12.4;
					};
					96A30F3826702C73004EDBB0 = {
						CreatedOnToolsVersion = 12.4;
						TestTargetID = 96A30F2226702C6E004EDBB0;
					};
					96A30F4326702C73004EDBB0 = {
						CreatedOnToolsVersion = 12.4;
						TestTargetID = 96A30F2226702C6E004EDBB0;
					};
				};
			};
			buildConfigurationList = 96A30F1E26702C6E004EDBB0 /* Build configuration list for PBXProject "frontend" */;
			compatibilityVersion = "Xcode 9.3";
			developmentRegion = en;
			hasScannedForEncodings = 0;
			knownRegions = (
				en,
				Base,
			);
			mainGroup = 96A30F1A26702C6E004EDBB0;
			productRefGroup = 96A30F2426702C6E004EDBB0 /* Products */;
			projectDirPath = "";
			projectRoot = "";
			targets = (
				96A30F2226702C6E004EDBB0 /* frontend */,
				96A30F3826702C73004EDBB0 /* frontendTests */,
				96A30F4326702C73004EDBB0 /* frontendUITests */,
			);
		};
/* End PBXProject section */

/* Begin PBXResourcesBuildPhase section */
		96A30F2126702C6E004EDBB0 /* Resources */ = {
			isa = PBXResourcesBuildPhase;
			buildActionMask = 2147483647;
			files = (
				9668FF672672D7E60063FCCD /* Nunito-SemiBoldItalic.ttf in Resources */,
				9668FF6C2672D7E70063FCCD /* Nunito-ExtraLightItalic.ttf in Resources */,
				96A30F3326702C72004EDBB0 /* LaunchScreen.storyboard in Resources */,
				9668FF732672D7E70063FCCD /* Nunito-Black.ttf in Resources */,
				9668FF6A2672D7E60063FCCD /* Nunito-BoldItalic.ttf in Resources */,
				9668FF712672D7E70063FCCD /* Nunito-LightItalic.ttf in Resources */,
				9668FF6E2672D7E70063FCCD /* Nunito-ExtraLight.ttf in Resources */,
				9668FF682672D7E60063FCCD /* Nunito-ExtraBold.ttf in Resources */,
				9668FF6F2672D7E70063FCCD /* Nunito-Regular.ttf in Resources */,
				96A30F3026702C72004EDBB0 /* Preview Assets.xcassets in Resources */,
				9668FF702672D7E70063FCCD /* OFL.txt in Resources */,
				9668FF6B2672D7E60063FCCD /* Nunito-Italic.ttf in Resources */,
				9668FF752672D7E70063FCCD /* Nunito-SemiBold.ttf in Resources */,
				9668FF722672D7E70063FCCD /* Nunito-ExtraBoldItalic.ttf in Resources */,
				9668FF692672D7E60063FCCD /* Nunito-Bold.ttf in Resources */,
				96A30F2D26702C72004EDBB0 /* Assets.xcassets in Resources */,
				9668FF742672D7E70063FCCD /* Nunito-Light.ttf in Resources */,
				9668FF6D2672D7E70063FCCD /* Nunito-BlackItalic.ttf in Resources */,
			);
			runOnlyForDeploymentPostprocessing = 0;
		};
		96A30F3726702C73004EDBB0 /* Resources */ = {
			isa = PBXResourcesBuildPhase;
			buildActionMask = 2147483647;
			files = (
			);
			runOnlyForDeploymentPostprocessing = 0;
		};
		96A30F4226702C73004EDBB0 /* Resources */ = {
			isa = PBXResourcesBuildPhase;
			buildActionMask = 2147483647;
			files = (
			);
			runOnlyForDeploymentPostprocessing = 0;
		};
/* End PBXResourcesBuildPhase section */

/* Begin PBXSourcesBuildPhase section */
		96A30F1F26702C6E004EDBB0 /* Sources */ = {
			isa = PBXSourcesBuildPhase;
			buildActionMask = 2147483647;
			files = (
				96A30F2726702C6E004EDBB0 /* AppDelegate.swift in Sources */,
				9668FF7A2672D89F0063FCCD /* Fonts.swift in Sources */,
				96A30F2926702C6E004EDBB0 /* SceneDelegate.swift in Sources */,
				9668FF422672D6290063FCCD /* Logo.swift in Sources */,
				96A30F2B26702C6E004EDBB0 /* ContentView.swift in Sources */,
			);
			runOnlyForDeploymentPostprocessing = 0;
		};
		96A30F3526702C73004EDBB0 /* Sources */ = {
			isa = PBXSourcesBuildPhase;
			buildActionMask = 2147483647;
			files = (
				96A30F3E26702C73004EDBB0 /* frontendTests.swift in Sources */,
			);
			runOnlyForDeploymentPostprocessing = 0;
		};
		96A30F4026702C73004EDBB0 /* Sources */ = {
			isa = PBXSourcesBuildPhase;
			buildActionMask = 2147483647;
			files = (
				96A30F4926702C73004EDBB0 /* frontendUITests.swift in Sources */,
			);
			runOnlyForDeploymentPostprocessing = 0;
		};
/* End PBXSourcesBuildPhase section */

/* Begin PBXTargetDependency section */
		96A30F3B26702C73004EDBB0 /* PBXTargetDependency */ = {
			isa = PBXTargetDependency;
			target = 96A30F2226702C6E004EDBB0 /* frontend */;
			targetProxy = 96A30F3A26702C73004EDBB0 /* PBXContainerItemProxy */;
		};
		96A30F4626702C73004EDBB0 /* PBXTargetDependency */ = {
			isa = PBXTargetDependency;
			target = 96A30F2226702C6E004EDBB0 /* frontend */;
			targetProxy = 96A30F4526702C73004EDBB0 /* PBXContainerItemProxy */;
		};
/* End PBXTargetDependency section */

/* Begin PBXVariantGroup section */
		96A30F3126702C72004EDBB0 /* LaunchScreen.storyboard */ = {
			isa = PBXVariantGroup;
			children = (
				96A30F3226702C72004EDBB0 /* Base */,
			);
			name = LaunchScreen.storyboard;
			sourceTree = "<group>";
		};
/* End PBXVariantGroup section */

/* Begin XCBuildConfiguration section */
		96A30F4B26702C73004EDBB0 /* Debug */ = {
			isa = XCBuildConfiguration;
			buildSettings = {
				ALWAYS_SEARCH_USER_PATHS = NO;
				CLANG_ANALYZER_NONNULL = YES;
				CLANG_ANALYZER_NUMBER_OBJECT_CONVERSION = YES_AGGRESSIVE;
				CLANG_CXX_LANGUAGE_STANDARD = "gnu++14";
				CLANG_CXX_LIBRARY = "libc++";
				CLANG_ENABLE_MODULES = YES;
				CLANG_ENABLE_OBJC_ARC = YES;
				CLANG_ENABLE_OBJC_WEAK = YES;
				CLANG_WARN_BLOCK_CAPTURE_AUTORELEASING = YES;
				CLANG_WARN_BOOL_CONVERSION = YES;
				CLANG_WARN_COMMA = YES;
				CLANG_WARN_CONSTANT_CONVERSION = YES;
				CLANG_WARN_DEPRECATED_OBJC_IMPLEMENTATIONS = YES;
				CLANG_WARN_DIRECT_OBJC_ISA_USAGE = YES_ERROR;
				CLANG_WARN_DOCUMENTATION_COMMENTS = YES;
				CLANG_WARN_EMPTY_BODY = YES;
				CLANG_WARN_ENUM_CONVERSION = YES;
				CLANG_WARN_INFINITE_RECURSION = YES;
				CLANG_WARN_INT_CONVERSION = YES;
				CLANG_WARN_NON_LITERAL_NULL_CONVERSION = YES;
				CLANG_WARN_OBJC_IMPLICIT_RETAIN_SELF = YES;
				CLANG_WARN_OBJC_LITERAL_CONVERSION = YES;
				CLANG_WARN_OBJC_ROOT_CLASS = YES_ERROR;
				CLANG_WARN_QUOTED_INCLUDE_IN_FRAMEWORK_HEADER = YES;
				CLANG_WARN_RANGE_LOOP_ANALYSIS = YES;
				CLANG_WARN_STRICT_PROTOTYPES = YES;
				CLANG_WARN_SUSPICIOUS_MOVE = YES;
				CLANG_WARN_UNGUARDED_AVAILABILITY = YES_AGGRESSIVE;
				CLANG_WARN_UNREACHABLE_CODE = YES;
				CLANG_WARN__DUPLICATE_METHOD_MATCH = YES;
				COPY_PHASE_STRIP = NO;
				DEBUG_INFORMATION_FORMAT = dwarf;
				ENABLE_STRICT_OBJC_MSGSEND = YES;
				ENABLE_TESTABILITY = YES;
				GCC_C_LANGUAGE_STANDARD = gnu11;
				GCC_DYNAMIC_NO_PIC = NO;
				GCC_NO_COMMON_BLOCKS = YES;
				GCC_OPTIMIZATION_LEVEL = 0;
				GCC_PREPROCESSOR_DEFINITIONS = (
					"DEBUG=1",
					"$(inherited)",
				);
				GCC_WARN_64_TO_32_BIT_CONVERSION = YES;
				GCC_WARN_ABOUT_RETURN_TYPE = YES_ERROR;
				GCC_WARN_UNDECLARED_SELECTOR = YES;
				GCC_WARN_UNINITIALIZED_AUTOS = YES_AGGRESSIVE;
				GCC_WARN_UNUSED_FUNCTION = YES;
				GCC_WARN_UNUSED_VARIABLE = YES;
				IPHONEOS_DEPLOYMENT_TARGET = 14.4;
				MTL_ENABLE_DEBUG_INFO = INCLUDE_SOURCE;
				MTL_FAST_MATH = YES;
				ONLY_ACTIVE_ARCH = YES;
				SDKROOT = iphoneos;
				SWIFT_ACTIVE_COMPILATION_CONDITIONS = DEBUG;
				SWIFT_OPTIMIZATION_LEVEL = "-Onone";
			};
			name = Debug;
		};
		96A30F4C26702C73004EDBB0 /* Release */ = {
			isa = XCBuildConfiguration;
			buildSettings = {
				ALWAYS_SEARCH_USER_PATHS = NO;
				CLANG_ANALYZER_NONNULL = YES;
				CLANG_ANALYZER_NUMBER_OBJECT_CONVERSION = YES_AGGRESSIVE;
				CLANG_CXX_LANGUAGE_STANDARD = "gnu++14";
				CLANG_CXX_LIBRARY = "libc++";
				CLANG_ENABLE_MODULES = YES;
				CLANG_ENABLE_OBJC_ARC = YES;
				CLANG_ENABLE_OBJC_WEAK = YES;
				CLANG_WARN_BLOCK_CAPTURE_AUTORELEASING = YES;
				CLANG_WARN_BOOL_CONVERSION = YES;
				CLANG_WARN_COMMA = YES;
				CLANG_WARN_CONSTANT_CONVERSION = YES;
				CLANG_WARN_DEPRECATED_OBJC_IMPLEMENTATIONS = YES;
				CLANG_WARN_DIRECT_OBJC_ISA_USAGE = YES_ERROR;
				CLANG_WARN_DOCUMENTATION_COMMENTS = YES;
				CLANG_WARN_EMPTY_BODY = YES;
				CLANG_WARN_ENUM_CONVERSION = YES;
				CLANG_WARN_INFINITE_RECURSION = YES;
				CLANG_WARN_INT_CONVERSION = YES;
				CLANG_WARN_NON_LITERAL_NULL_CONVERSION = YES;
				CLANG_WARN_OBJC_IMPLICIT_RETAIN_SELF = YES;
				CLANG_WARN_OBJC_LITERAL_CONVERSION = YES;
				CLANG_WARN_OBJC_ROOT_CLASS = YES_ERROR;
				CLANG_WARN_QUOTED_INCLUDE_IN_FRAMEWORK_HEADER = YES;
				CLANG_WARN_RANGE_LOOP_ANALYSIS = YES;
				CLANG_WARN_STRICT_PROTOTYPES = YES;
				CLANG_WARN_SUSPICIOUS_MOVE = YES;
				CLANG_WARN_UNGUARDED_AVAILABILITY = YES_AGGRESSIVE;
				CLANG_WARN_UNREACHABLE_CODE = YES;
				CLANG_WARN__DUPLICATE_METHOD_MATCH = YES;
				COPY_PHASE_STRIP = NO;
				DEBUG_INFORMATION_FORMAT = "dwarf-with-dsym";
				ENABLE_NS_ASSERTIONS = NO;
				ENABLE_STRICT_OBJC_MSGSEND = YES;
				GCC_C_LANGUAGE_STANDARD = gnu11;
				GCC_NO_COMMON_BLOCKS = YES;
				GCC_WARN_64_TO_32_BIT_CONVERSION = YES;
				GCC_WARN_ABOUT_RETURN_TYPE = YES_ERROR;
				GCC_WARN_UNDECLARED_SELECTOR = YES;
				GCC_WARN_UNINITIALIZED_AUTOS = YES_AGGRESSIVE;
				GCC_WARN_UNUSED_FUNCTION = YES;
				GCC_WARN_UNUSED_VARIABLE = YES;
				IPHONEOS_DEPLOYMENT_TARGET = 14.4;
				MTL_ENABLE_DEBUG_INFO = NO;
				MTL_FAST_MATH = YES;
				SDKROOT = iphoneos;
				SWIFT_COMPILATION_MODE = wholemodule;
				SWIFT_OPTIMIZATION_LEVEL = "-O";
				VALIDATE_PRODUCT = YES;
			};
			name = Release;
		};
		96A30F4E26702C73004EDBB0 /* Debug */ = {
			isa = XCBuildConfiguration;
			buildSettings = {
				ASSETCATALOG_COMPILER_APPICON_NAME = AppIcon;
				ASSETCATALOG_COMPILER_GLOBAL_ACCENT_COLOR_NAME = AccentColor;
				CODE_SIGN_STYLE = Automatic;
				DEVELOPMENT_ASSET_PATHS = "\"frontend/Preview Content\"";
				ENABLE_PREVIEWS = YES;
				INFOPLIST_FILE = frontend/Info.plist;
				LD_RUNPATH_SEARCH_PATHS = (
					"$(inherited)",
					"@executable_path/Frameworks",
				);
				PRODUCT_BUNDLE_IDENTIFIER = "Allen-Gu.frontend";
				PRODUCT_NAME = "$(TARGET_NAME)";
				SWIFT_VERSION = 5.0;
				TARGETED_DEVICE_FAMILY = "1,2";
			};
			name = Debug;
		};
		96A30F4F26702C73004EDBB0 /* Release */ = {
			isa = XCBuildConfiguration;
			buildSettings = {
				ASSETCATALOG_COMPILER_APPICON_NAME = AppIcon;
				ASSETCATALOG_COMPILER_GLOBAL_ACCENT_COLOR_NAME = AccentColor;
				CODE_SIGN_STYLE = Automatic;
				DEVELOPMENT_ASSET_PATHS = "\"frontend/Preview Content\"";
				ENABLE_PREVIEWS = YES;
				INFOPLIST_FILE = frontend/Info.plist;
				LD_RUNPATH_SEARCH_PATHS = (
					"$(inherited)",
					"@executable_path/Frameworks",
				);
				PRODUCT_BUNDLE_IDENTIFIER = "Allen-Gu.frontend";
				PRODUCT_NAME = "$(TARGET_NAME)";
				SWIFT_VERSION = 5.0;
				TARGETED_DEVICE_FAMILY = "1,2";
			};
			name = Release;
		};
		96A30F5126702C73004EDBB0 /* Debug */ = {
			isa = XCBuildConfiguration;
			buildSettings = {
				ALWAYS_EMBED_SWIFT_STANDARD_LIBRARIES = YES;
				BUNDLE_LOADER = "$(TEST_HOST)";
				CODE_SIGN_STYLE = Automatic;
				INFOPLIST_FILE = frontendTests/Info.plist;
				IPHONEOS_DEPLOYMENT_TARGET = 14.4;
				LD_RUNPATH_SEARCH_PATHS = (
					"$(inherited)",
					"@executable_path/Frameworks",
					"@loader_path/Frameworks",
				);
				PRODUCT_BUNDLE_IDENTIFIER = "Allen-Gu.frontendTests";
				PRODUCT_NAME = "$(TARGET_NAME)";
				SWIFT_VERSION = 5.0;
				TARGETED_DEVICE_FAMILY = "1,2";
				TEST_HOST = "$(BUILT_PRODUCTS_DIR)/frontend.app/frontend";
			};
			name = Debug;
		};
		96A30F5226702C73004EDBB0 /* Release */ = {
			isa = XCBuildConfiguration;
			buildSettings = {
				ALWAYS_EMBED_SWIFT_STANDARD_LIBRARIES = YES;
				BUNDLE_LOADER = "$(TEST_HOST)";
				CODE_SIGN_STYLE = Automatic;
				INFOPLIST_FILE = frontendTests/Info.plist;
				IPHONEOS_DEPLOYMENT_TARGET = 14.4;
				LD_RUNPATH_SEARCH_PATHS = (
					"$(inherited)",
					"@executable_path/Frameworks",
					"@loader_path/Frameworks",
				);
				PRODUCT_BUNDLE_IDENTIFIER = "Allen-Gu.frontendTests";
				PRODUCT_NAME = "$(TARGET_NAME)";
				SWIFT_VERSION = 5.0;
				TARGETED_DEVICE_FAMILY = "1,2";
				TEST_HOST = "$(BUILT_PRODUCTS_DIR)/frontend.app/frontend";
			};
			name = Release;
		};
		96A30F5426702C73004EDBB0 /* Debug */ = {
			isa = XCBuildConfiguration;
			buildSettings = {
				ALWAYS_EMBED_SWIFT_STANDARD_LIBRARIES = YES;
				CODE_SIGN_STYLE = Automatic;
				INFOPLIST_FILE = frontendUITests/Info.plist;
				LD_RUNPATH_SEARCH_PATHS = (
					"$(inherited)",
					"@executable_path/Frameworks",
					"@loader_path/Frameworks",
				);
				PRODUCT_BUNDLE_IDENTIFIER = "Allen-Gu.frontendUITests";
				PRODUCT_NAME = "$(TARGET_NAME)";
				SWIFT_VERSION = 5.0;
				TARGETED_DEVICE_FAMILY = "1,2";
				TEST_TARGET_NAME = frontend;
			};
			name = Debug;
		};
		96A30F5526702C73004EDBB0 /* Release */ = {
			isa = XCBuildConfiguration;
			buildSettings = {
				ALWAYS_EMBED_SWIFT_STANDARD_LIBRARIES = YES;
				CODE_SIGN_STYLE = Automatic;
				INFOPLIST_FILE = frontendUITests/Info.plist;
				LD_RUNPATH_SEARCH_PATHS = (
					"$(inherited)",
					"@executable_path/Frameworks",
					"@loader_path/Frameworks",
				);
				PRODUCT_BUNDLE_IDENTIFIER = "Allen-Gu.frontendUITests";
				PRODUCT_NAME = "$(TARGET_NAME)";
				SWIFT_VERSION = 5.0;
				TARGETED_DEVICE_FAMILY = "1,2";
				TEST_TARGET_NAME = frontend;
			};
			name = Release;
		};
/* End XCBuildConfiguration section */

/* Begin XCConfigurationList section */
		96A30F1E26702C6E004EDBB0 /* Build configuration list for PBXProject "frontend" */ = {
			isa = XCConfigurationList;
			buildConfigurations = (
				96A30F4B26702C73004EDBB0 /* Debug */,
				96A30F4C26702C73004EDBB0 /* Release */,
			);
			defaultConfigurationIsVisible = 0;
			defaultConfigurationName = Release;
		};
		96A30F4D26702C73004EDBB0 /* Build configuration list for PBXNativeTarget "frontend" */ = {
			isa = XCConfigurationList;
			buildConfigurations = (
				96A30F4E26702C73004EDBB0 /* Debug */,
				96A30F4F26702C73004EDBB0 /* Release */,
			);
			defaultConfigurationIsVisible = 0;
			defaultConfigurationName = Release;
		};
		96A30F5026702C73004EDBB0 /* Build configuration list for PBXNativeTarget "frontendTests" */ = {
			isa = XCConfigurationList;
			buildConfigurations = (
				96A30F5126702C73004EDBB0 /* Debug */,
				96A30F5226702C73004EDBB0 /* Release */,
			);
			defaultConfigurationIsVisible = 0;
			defaultConfigurationName = Release;
		};
		96A30F5326702C73004EDBB0 /* Build configuration list for PBXNativeTarget "frontendUITests" */ = {
			isa = XCConfigurationList;
			buildConfigurations = (
				96A30F5426702C73004EDBB0 /* Debug */,
				96A30F5526702C73004EDBB0 /* Release */,
			);
			defaultConfigurationIsVisible = 0;
			defaultConfigurationName = Release;
		};
/* End XCConfigurationList section */
	};
	rootObject = 96A30F1B26702C6E004EDBB0 /* Project object */;
}
